// !$*UTF8*$!
{
	archiveVersion = 1;
	classes = {
	};
	objectVersion = 56;
	objects = {

/* Begin PBXBuildFile section */
		D9CBC1FF29E98BFC00D30A28 /* Clipboard_HistoryApp.swift in Sources */ = {isa = PBXBuildFile; fileRef = D9CBC1FE29E98BFC00D30A28 /* Clipboard_HistoryApp.swift */; };
		D9CBC20129E98BFC00D30A28 /* ContentView.swift in Sources */ = {isa = PBXBuildFile; fileRef = D9CBC20029E98BFC00D30A28 /* ContentView.swift */; };
		D9CBC20329E98BFD00D30A28 /* Assets.xcassets in Resources */ = {isa = PBXBuildFile; fileRef = D9CBC20229E98BFD00D30A28 /* Assets.xcassets */; };
		D9CBC20629E98BFD00D30A28 /* Preview Assets.xcassets in Resources */ = {isa = PBXBuildFile; fileRef = D9CBC20529E98BFD00D30A28 /* Preview Assets.xcassets */; };
		D9CBC21129E98BFD00D30A28 /* Clipboard_HistoryTests.swift in Sources */ = {isa = PBXBuildFile; fileRef = D9CBC21029E98BFD00D30A28 /* Clipboard_HistoryTests.swift */; };
		D9CBC21B29E98BFD00D30A28 /* Clipboard_HistoryUITests.swift in Sources */ = {isa = PBXBuildFile; fileRef = D9CBC21A29E98BFD00D30A28 /* Clipboard_HistoryUITests.swift */; };
		D9CBC21D29E98BFD00D30A28 /* Clipboard_HistoryUITestsLaunchTests.swift in Sources */ = {isa = PBXBuildFile; fileRef = D9CBC21C29E98BFD00D30A28 /* Clipboard_HistoryUITestsLaunchTests.swift */; };
		D9EE90E729EA3277005A9182 /* SettingsView.swift in Sources */ = {isa = PBXBuildFile; fileRef = D9EE90E629EA3277005A9182 /* SettingsView.swift */; };
/* End PBXBuildFile section */

/* Begin PBXContainerItemProxy section */
		D9CBC20D29E98BFD00D30A28 /* PBXContainerItemProxy */ = {
			isa = PBXContainerItemProxy;
			containerPortal = D9CBC1F329E98BFC00D30A28 /* Project object */;
			proxyType = 1;
			remoteGlobalIDString = D9CBC1FA29E98BFC00D30A28;
			remoteInfo = Clipboard_History;
		};
		D9CBC21729E98BFD00D30A28 /* PBXContainerItemProxy */ = {
			isa = PBXContainerItemProxy;
			containerPortal = D9CBC1F329E98BFC00D30A28 /* Project object */;
			proxyType = 1;
			remoteGlobalIDString = D9CBC1FA29E98BFC00D30A28;
			remoteInfo = Clipboard_History;
		};
/* End PBXContainerItemProxy section */

/* Begin PBXFileReference section */
		D9CBC1FB29E98BFC00D30A28 /* Clipboard_History.app */ = {isa = PBXFileReference; explicitFileType = wrapper.application; includeInIndex = 0; path = Clipboard_History.app; sourceTree = BUILT_PRODUCTS_DIR; };
		D9CBC1FE29E98BFC00D30A28 /* Clipboard_HistoryApp.swift */ = {isa = PBXFileReference; lastKnownFileType = sourcecode.swift; path = Clipboard_HistoryApp.swift; sourceTree = "<group>"; };
		D9CBC20029E98BFC00D30A28 /* ContentView.swift */ = {isa = PBXFileReference; lastKnownFileType = sourcecode.swift; path = ContentView.swift; sourceTree = "<group>"; };
		D9CBC20229E98BFD00D30A28 /* Assets.xcassets */ = {isa = PBXFileReference; lastKnownFileType = folder.assetcatalog; path = Assets.xcassets; sourceTree = "<group>"; };
		D9CBC20529E98BFD00D30A28 /* Preview Assets.xcassets */ = {isa = PBXFileReference; lastKnownFileType = folder.assetcatalog; path = "Preview Assets.xcassets"; sourceTree = "<group>"; };
		D9CBC20729E98BFD00D30A28 /* Clipboard_History.entitlements */ = {isa = PBXFileReference; lastKnownFileType = text.plist.entitlements; path = Clipboard_History.entitlements; sourceTree = "<group>"; };
		D9CBC20C29E98BFD00D30A28 /* Clipboard_HistoryTests.xctest */ = {isa = PBXFileReference; explicitFileType = wrapper.cfbundle; includeInIndex = 0; path = Clipboard_HistoryTests.xctest; sourceTree = BUILT_PRODUCTS_DIR; };
		D9CBC21029E98BFD00D30A28 /* Clipboard_HistoryTests.swift */ = {isa = PBXFileReference; lastKnownFileType = sourcecode.swift; path = Clipboard_HistoryTests.swift; sourceTree = "<group>"; };
		D9CBC21629E98BFD00D30A28 /* Clipboard_HistoryUITests.xctest */ = {isa = PBXFileReference; explicitFileType = wrapper.cfbundle; includeInIndex = 0; path = Clipboard_HistoryUITests.xctest; sourceTree = BUILT_PRODUCTS_DIR; };
		D9CBC21A29E98BFD00D30A28 /* Clipboard_HistoryUITests.swift */ = {isa = PBXFileReference; lastKnownFileType = sourcecode.swift; path = Clipboard_HistoryUITests.swift; sourceTree = "<group>"; };
		D9CBC21C29E98BFD00D30A28 /* Clipboard_HistoryUITestsLaunchTests.swift */ = {isa = PBXFileReference; lastKnownFileType = sourcecode.swift; path = Clipboard_HistoryUITestsLaunchTests.swift; sourceTree = "<group>"; };
		D9EE90E629EA3277005A9182 /* SettingsView.swift */ = {isa = PBXFileReference; lastKnownFileType = sourcecode.swift; path = SettingsView.swift; sourceTree = "<group>"; };
/* End PBXFileReference section */

/* Begin PBXFrameworksBuildPhase section */
		D9CBC1F829E98BFC00D30A28 /* Frameworks */ = {
			isa = PBXFrameworksBuildPhase;
			buildActionMask = 2147483647;
			files = (
			);
			runOnlyForDeploymentPostprocessing = 0;
		};
		D9CBC20929E98BFD00D30A28 /* Frameworks */ = {
			isa = PBXFrameworksBuildPhase;
			buildActionMask = 2147483647;
			files = (
			);
			runOnlyForDeploymentPostprocessing = 0;
		};
		D9CBC21329E98BFD00D30A28 /* Frameworks */ = {
			isa = PBXFrameworksBuildPhase;
			buildActionMask = 2147483647;
			files = (
			);
			runOnlyForDeploymentPostprocessing = 0;
		};
/* End PBXFrameworksBuildPhase section */

/* Begin PBXGroup section */
		D9CBC1F229E98BFC00D30A28 = {
			isa = PBXGroup;
			children = (
				D9CBC1FD29E98BFC00D30A28 /* Clipboard_History */,
				D9CBC20F29E98BFD00D30A28 /* Clipboard_HistoryTests */,
				D9CBC21929E98BFD00D30A28 /* Clipboard_HistoryUITests */,
				D9CBC1FC29E98BFC00D30A28 /* Products */,
			);
			sourceTree = "<group>";
		};
		D9CBC1FC29E98BFC00D30A28 /* Products */ = {
			isa = PBXGroup;
			children = (
				D9CBC1FB29E98BFC00D30A28 /* Clipboard_History.app */,
				D9CBC20C29E98BFD00D30A28 /* Clipboard_HistoryTests.xctest */,
				D9CBC21629E98BFD00D30A28 /* Clipboard_HistoryUITests.xctest */,
			);
			name = Products;
			sourceTree = "<group>";
		};
		D9CBC1FD29E98BFC00D30A28 /* Clipboard_History */ = {
			isa = PBXGroup;
			children = (
				D9EE90E629EA3277005A9182 /* SettingsView.swift */,
				D9CBC1FE29E98BFC00D30A28 /* Clipboard_HistoryApp.swift */,
				D9CBC20029E98BFC00D30A28 /* ContentView.swift */,
				D9CBC20229E98BFD00D30A28 /* Assets.xcassets */,
				D9CBC20729E98BFD00D30A28 /* Clipboard_History.entitlements */,
				D9CBC20429E98BFD00D30A28 /* Preview Content */,
			);
			path = Clipboard_History;
			sourceTree = "<group>";
		};
		D9CBC20429E98BFD00D30A28 /* Preview Content */ = {
			isa = PBXGroup;
			children = (
				D9CBC20529E98BFD00D30A28 /* Preview Assets.xcassets */,
			);
			path = "Preview Content";
			sourceTree = "<group>";
		};
		D9CBC20F29E98BFD00D30A28 /* Clipboard_HistoryTests */ = {
			isa = PBXGroup;
			children = (
				D9CBC21029E98BFD00D30A28 /* Clipboard_HistoryTests.swift */,
			);
			path = Clipboard_HistoryTests;
			sourceTree = "<group>";
		};
		D9CBC21929E98BFD00D30A28 /* Clipboard_HistoryUITests */ = {
			isa = PBXGroup;
			children = (
				D9CBC21A29E98BFD00D30A28 /* Clipboard_HistoryUITests.swift */,
				D9CBC21C29E98BFD00D30A28 /* Clipboard_HistoryUITestsLaunchTests.swift */,
			);
			path = Clipboard_HistoryUITests;
			sourceTree = "<group>";
		};
/* End PBXGroup section */

/* Begin PBXNativeTarget section */
		D9CBC1FA29E98BFC00D30A28 /* Clipboard_History */ = {
			isa = PBXNativeTarget;
			buildConfigurationList = D9CBC22029E98BFD00D30A28 /* Build configuration list for PBXNativeTarget "Clipboard_History" */;
			buildPhases = (
				D9CBC1F729E98BFC00D30A28 /* Sources */,
				D9CBC1F829E98BFC00D30A28 /* Frameworks */,
				D9CBC1F929E98BFC00D30A28 /* Resources */,
			);
			buildRules = (
			);
			dependencies = (
			);
			name = Clipboard_History;
			productName = Clipboard_History;
			productReference = D9CBC1FB29E98BFC00D30A28 /* Clipboard_History.app */;
			productType = "com.apple.product-type.application";
		};
		D9CBC20B29E98BFD00D30A28 /* Clipboard_HistoryTests */ = {
			isa = PBXNativeTarget;
			buildConfigurationList = D9CBC22329E98BFD00D30A28 /* Build configuration list for PBXNativeTarget "Clipboard_HistoryTests" */;
			buildPhases = (
				D9CBC20829E98BFD00D30A28 /* Sources */,
				D9CBC20929E98BFD00D30A28 /* Frameworks */,
				D9CBC20A29E98BFD00D30A28 /* Resources */,
			);
			buildRules = (
			);
			dependencies = (
				D9CBC20E29E98BFD00D30A28 /* PBXTargetDependency */,
			);
			name = Clipboard_HistoryTests;
			productName = Clipboard_HistoryTests;
			productReference = D9CBC20C29E98BFD00D30A28 /* Clipboard_HistoryTests.xctest */;
			productType = "com.apple.product-type.bundle.unit-test";
		};
		D9CBC21529E98BFD00D30A28 /* Clipboard_HistoryUITests */ = {
			isa = PBXNativeTarget;
			buildConfigurationList = D9CBC22629E98BFD00D30A28 /* Build configuration list for PBXNativeTarget "Clipboard_HistoryUITests" */;
			buildPhases = (
				D9CBC21229E98BFD00D30A28 /* Sources */,
				D9CBC21329E98BFD00D30A28 /* Frameworks */,
				D9CBC21429E98BFD00D30A28 /* Resources */,
			);
			buildRules = (
			);
			dependencies = (
				D9CBC21829E98BFD00D30A28 /* PBXTargetDependency */,
			);
			name = Clipboard_HistoryUITests;
			productName = Clipboard_HistoryUITests;
			productReference = D9CBC21629E98BFD00D30A28 /* Clipboard_HistoryUITests.xctest */;
			productType = "com.apple.product-type.bundle.ui-testing";
		};
/* End PBXNativeTarget section */

/* Begin PBXProject section */
		D9CBC1F329E98BFC00D30A28 /* Project object */ = {
			isa = PBXProject;
			attributes = {
				BuildIndependentTargetsInParallel = 1;
				LastSwiftUpdateCheck = 1430;
				LastUpgradeCheck = 1430;
				TargetAttributes = {
					D9CBC1FA29E98BFC00D30A28 = {
						CreatedOnToolsVersion = 14.3;
					};
					D9CBC20B29E98BFD00D30A28 = {
						CreatedOnToolsVersion = 14.3;
						TestTargetID = D9CBC1FA29E98BFC00D30A28;
					};
					D9CBC21529E98BFD00D30A28 = {
						CreatedOnToolsVersion = 14.3;
						TestTargetID = D9CBC1FA29E98BFC00D30A28;
					};
				};
			};
			buildConfigurationList = D9CBC1F629E98BFC00D30A28 /* Build configuration list for PBXProject "Clipboard_History" */;
			compatibilityVersion = "Xcode 14.0";
			developmentRegion = en;
			hasScannedForEncodings = 0;
			knownRegions = (
				en,
				Base,
			);
			mainGroup = D9CBC1F229E98BFC00D30A28;
			productRefGroup = D9CBC1FC29E98BFC00D30A28 /* Products */;
			projectDirPath = "";
			projectRoot = "";
			targets = (
				D9CBC1FA29E98BFC00D30A28 /* Clipboard_History */,
				D9CBC20B29E98BFD00D30A28 /* Clipboard_HistoryTests */,
				D9CBC21529E98BFD00D30A28 /* Clipboard_HistoryUITests */,
			);
		};
/* End PBXProject section */

/* Begin PBXResourcesBuildPhase section */
		D9CBC1F929E98BFC00D30A28 /* Resources */ = {
			isa = PBXResourcesBuildPhase;
			buildActionMask = 2147483647;
			files = (
				D9CBC20629E98BFD00D30A28 /* Preview Assets.xcassets in Resources */,
				D9CBC20329E98BFD00D30A28 /* Assets.xcassets in Resources */,
			);
			runOnlyForDeploymentPostprocessing = 0;
		};
		D9CBC20A29E98BFD00D30A28 /* Resources */ = {
			isa = PBXResourcesBuildPhase;
			buildActionMask = 2147483647;
			files = (
			);
			runOnlyForDeploymentPostprocessing = 0;
		};
		D9CBC21429E98BFD00D30A28 /* Resources */ = {
			isa = PBXResourcesBuildPhase;
			buildActionMask = 2147483647;
			files = (
			);
			runOnlyForDeploymentPostprocessing = 0;
		};
/* End PBXResourcesBuildPhase section */

/* Begin PBXSourcesBuildPhase section */
		D9CBC1F729E98BFC00D30A28 /* Sources */ = {
			isa = PBXSourcesBuildPhase;
			buildActionMask = 2147483647;
			files = (
				D9EE90E729EA3277005A9182 /* SettingsView.swift in Sources */,
				D9CBC20129E98BFC00D30A28 /* ContentView.swift in Sources */,
				D9CBC1FF29E98BFC00D30A28 /* Clipboard_HistoryApp.swift in Sources */,
			);
			runOnlyForDeploymentPostprocessing = 0;
		};
		D9CBC20829E98BFD00D30A28 /* Sources */ = {
			isa = PBXSourcesBuildPhase;
			buildActionMask = 2147483647;
			files = (
				D9CBC21129E98BFD00D30A28 /* Clipboard_HistoryTests.swift in Sources */,
			);
			runOnlyForDeploymentPostprocessing = 0;
		};
		D9CBC21229E98BFD00D30A28 /* Sources */ = {
			isa = PBXSourcesBuildPhase;
			buildActionMask = 2147483647;
			files = (
				D9CBC21D29E98BFD00D30A28 /* Clipboard_HistoryUITestsLaunchTests.swift in Sources */,
				D9CBC21B29E98BFD00D30A28 /* Clipboard_HistoryUITests.swift in Sources */,
			);
			runOnlyForDeploymentPostprocessing = 0;
		};
/* End PBXSourcesBuildPhase section */

/* Begin PBXTargetDependency section */
		D9CBC20E29E98BFD00D30A28 /* PBXTargetDependency */ = {
			isa = PBXTargetDependency;
			target = D9CBC1FA29E98BFC00D30A28 /* Clipboard_History */;
			targetProxy = D9CBC20D29E98BFD00D30A28 /* PBXContainerItemProxy */;
		};
		D9CBC21829E98BFD00D30A28 /* PBXTargetDependency */ = {
			isa = PBXTargetDependency;
			target = D9CBC1FA29E98BFC00D30A28 /* Clipboard_History */;
			targetProxy = D9CBC21729E98BFD00D30A28 /* PBXContainerItemProxy */;
		};
/* End PBXTargetDependency section */

/* Begin XCBuildConfiguration section */
		D9CBC21E29E98BFD00D30A28 /* Debug */ = {
			isa = XCBuildConfiguration;
			buildSettings = {
				ALWAYS_SEARCH_USER_PATHS = NO;
				CLANG_ANALYZER_NONNULL = YES;
				CLANG_ANALYZER_NUMBER_OBJECT_CONVERSION = YES_AGGRESSIVE;
				CLANG_CXX_LANGUAGE_STANDARD = "gnu++20";
				CLANG_ENABLE_MODULES = YES;
				CLANG_ENABLE_OBJC_ARC = YES;
				CLANG_ENABLE_OBJC_WEAK = YES;
				CLANG_WARN_BLOCK_CAPTURE_AUTORELEASING = YES;
				CLANG_WARN_BOOL_CONVERSION = YES;
				CLANG_WARN_COMMA = YES;
				CLANG_WARN_CONSTANT_CONVERSION = YES;
				CLANG_WARN_DEPRECATED_OBJC_IMPLEMENTATIONS = YES;
				CLANG_WARN_DIRECT_OBJC_ISA_USAGE = YES_ERROR;
				CLANG_WARN_DOCUMENTATION_COMMENTS = YES;
				CLANG_WARN_EMPTY_BODY = YES;
				CLANG_WARN_ENUM_CONVERSION = YES;
				CLANG_WARN_INFINITE_RECURSION = YES;
				CLANG_WARN_INT_CONVERSION = YES;
				CLANG_WARN_NON_LITERAL_NULL_CONVERSION = YES;
				CLANG_WARN_OBJC_IMPLICIT_RETAIN_SELF = YES;
				CLANG_WARN_OBJC_LITERAL_CONVERSION = YES;
				CLANG_WARN_OBJC_ROOT_CLASS = YES_ERROR;
				CLANG_WARN_QUOTED_INCLUDE_IN_FRAMEWORK_HEADER = YES;
				CLANG_WARN_RANGE_LOOP_ANALYSIS = YES;
				CLANG_WARN_STRICT_PROTOTYPES = YES;
				CLANG_WARN_SUSPICIOUS_MOVE = YES;
				CLANG_WARN_UNGUARDED_AVAILABILITY = YES_AGGRESSIVE;
				CLANG_WARN_UNREACHABLE_CODE = YES;
				CLANG_WARN__DUPLICATE_METHOD_MATCH = YES;
				COPY_PHASE_STRIP = NO;
				DEBUG_INFORMATION_FORMAT = dwarf;
				ENABLE_STRICT_OBJC_MSGSEND = YES;
				ENABLE_TESTABILITY = YES;
				GCC_C_LANGUAGE_STANDARD = gnu11;
				GCC_DYNAMIC_NO_PIC = NO;
				GCC_NO_COMMON_BLOCKS = YES;
				GCC_OPTIMIZATION_LEVEL = 0;
				GCC_PREPROCESSOR_DEFINITIONS = (
					"DEBUG=1",
					"$(inherited)",
				);
				GCC_WARN_64_TO_32_BIT_CONVERSION = YES;
				GCC_WARN_ABOUT_RETURN_TYPE = YES_ERROR;
				GCC_WARN_UNDECLARED_SELECTOR = YES;
				GCC_WARN_UNINITIALIZED_AUTOS = YES_AGGRESSIVE;
				GCC_WARN_UNUSED_FUNCTION = YES;
				GCC_WARN_UNUSED_VARIABLE = YES;
				MACOSX_DEPLOYMENT_TARGET = 13.3;
				MTL_ENABLE_DEBUG_INFO = INCLUDE_SOURCE;
				MTL_FAST_MATH = YES;
				ONLY_ACTIVE_ARCH = YES;
				SDKROOT = macosx;
				SWIFT_ACTIVE_COMPILATION_CONDITIONS = DEBUG;
				SWIFT_OPTIMIZATION_LEVEL = "-Onone";
			};
			name = Debug;
		};
		D9CBC21F29E98BFD00D30A28 /* Release */ = {
			isa = XCBuildConfiguration;
			buildSettings = {
				ALWAYS_SEARCH_USER_PATHS = NO;
				CLANG_ANALYZER_NONNULL = YES;
				CLANG_ANALYZER_NUMBER_OBJECT_CONVERSION = YES_AGGRESSIVE;
				CLANG_CXX_LANGUAGE_STANDARD = "gnu++20";
				CLANG_ENABLE_MODULES = YES;
				CLANG_ENABLE_OBJC_ARC = YES;
				CLANG_ENABLE_OBJC_WEAK = YES;
				CLANG_WARN_BLOCK_CAPTURE_AUTORELEASING = YES;
				CLANG_WARN_BOOL_CONVERSION = YES;
				CLANG_WARN_COMMA = YES;
				CLANG_WARN_CONSTANT_CONVERSION = YES;
				CLANG_WARN_DEPRECATED_OBJC_IMPLEMENTATIONS = YES;
				CLANG_WARN_DIRECT_OBJC_ISA_USAGE = YES_ERROR;
				CLANG_WARN_DOCUMENTATION_COMMENTS = YES;
				CLANG_WARN_EMPTY_BODY = YES;
				CLANG_WARN_ENUM_CONVERSION = YES;
				CLANG_WARN_INFINITE_RECURSION = YES;
				CLANG_WARN_INT_CONVERSION = YES;
				CLANG_WARN_NON_LITERAL_NULL_CONVERSION = YES;
				CLANG_WARN_OBJC_IMPLICIT_RETAIN_SELF = YES;
				CLANG_WARN_OBJC_LITERAL_CONVERSION = YES;
				CLANG_WARN_OBJC_ROOT_CLASS = YES_ERROR;
				CLANG_WARN_QUOTED_INCLUDE_IN_FRAMEWORK_HEADER = YES;
				CLANG_WARN_RANGE_LOOP_ANALYSIS = YES;
				CLANG_WARN_STRICT_PROTOTYPES = YES;
				CLANG_WARN_SUSPICIOUS_MOVE = YES;
				CLANG_WARN_UNGUARDED_AVAILABILITY = YES_AGGRESSIVE;
				CLANG_WARN_UNREACHABLE_CODE = YES;
				CLANG_WARN__DUPLICATE_METHOD_MATCH = YES;
				COPY_PHASE_STRIP = NO;
				DEBUG_INFORMATION_FORMAT = "dwarf-with-dsym";
				ENABLE_NS_ASSERTIONS = NO;
				ENABLE_STRICT_OBJC_MSGSEND = YES;
				GCC_C_LANGUAGE_STANDARD = gnu11;
				GCC_NO_COMMON_BLOCKS = YES;
				GCC_WARN_64_TO_32_BIT_CONVERSION = YES;
				GCC_WARN_ABOUT_RETURN_TYPE = YES_ERROR;
				GCC_WARN_UNDECLARED_SELECTOR = YES;
				GCC_WARN_UNINITIALIZED_AUTOS = YES_AGGRESSIVE;
				GCC_WARN_UNUSED_FUNCTION = YES;
				GCC_WARN_UNUSED_VARIABLE = YES;
				MACOSX_DEPLOYMENT_TARGET = 13.3;
				MTL_ENABLE_DEBUG_INFO = NO;
				MTL_FAST_MATH = YES;
				SDKROOT = macosx;
				SWIFT_COMPILATION_MODE = wholemodule;
				SWIFT_OPTIMIZATION_LEVEL = "-O";
			};
			name = Release;
		};
		D9CBC22129E98BFD00D30A28 /* Debug */ = {
			isa = XCBuildConfiguration;
			buildSettings = {
				ASSETCATALOG_COMPILER_APPICON_NAME = AppIcon;
				ASSETCATALOG_COMPILER_GLOBAL_ACCENT_COLOR_NAME = AccentColor;
				ASSETCATALOG_COMPILER_INCLUDE_ALL_APPICON_ASSETS = YES;
				CODE_SIGN_ENTITLEMENTS = Clipboard_History/Clipboard_History.entitlements;
				"CODE_SIGN_IDENTITY[sdk=macosx*]" = "-";
				CODE_SIGN_STYLE = Automatic;
				COMBINE_HIDPI_IMAGES = YES;
				CURRENT_PROJECT_VERSION = 1;
				DEVELOPMENT_ASSET_PATHS = "\"Clipboard_History/Preview Content\"";
				DEVELOPMENT_TEAM = NRR8H2C5ZA;
				ENABLE_PREVIEWS = YES;
				GENERATE_INFOPLIST_FILE = YES;
				INFOPLIST_KEY_LSApplicationCategoryType = "public.app-category.productivity";
				INFOPLIST_KEY_NSHumanReadableCopyright = "";
				LD_RUNPATH_SEARCH_PATHS = (
					"$(inherited)",
					"@executable_path/../Frameworks",
				);
				MACOSX_DEPLOYMENT_TARGET = 13.0;
				MARKETING_VERSION = 1.0;
				PRODUCT_BUNDLE_IDENTIFIER = "wyh.Clipboard-History";
				PRODUCT_NAME = "$(TARGET_NAME)";
				SWIFT_EMIT_LOC_STRINGS = YES;
				SWIFT_VERSION = 5.0;
			};
			name = Debug;
		};
		D9CBC22229E98BFD00D30A28 /* Release */ = {
			isa = XCBuildConfiguration;
			buildSettings = {
				ASSETCATALOG_COMPILER_APPICON_NAME = AppIcon;
				ASSETCATALOG_COMPILER_GLOBAL_ACCENT_COLOR_NAME = AccentColor;
				ASSETCATALOG_COMPILER_INCLUDE_ALL_APPICON_ASSETS = YES;
				CODE_SIGN_ENTITLEMENTS = Clipboard_History/Clipboard_History.entitlements;
				"CODE_SIGN_IDENTITY[sdk=macosx*]" = "-";
				CODE_SIGN_STYLE = Automatic;
				COMBINE_HIDPI_IMAGES = YES;
				CURRENT_PROJECT_VERSION = 1;
				DEVELOPMENT_ASSET_PATHS = "\"Clipboard_History/Preview Content\"";
				DEVELOPMENT_TEAM = NRR8H2C5ZA;
				ENABLE_PREVIEWS = YES;
				GENERATE_INFOPLIST_FILE = YES;
				INFOPLIST_KEY_LSApplicationCategoryType = "public.app-category.productivity";
				INFOPLIST_KEY_NSHumanReadableCopyright = "";
				LD_RUNPATH_SEARCH_PATHS = (
					"$(inherited)",
					"@executable_path/../Frameworks",
				);
				MACOSX_DEPLOYMENT_TARGET = 13.0;
				MARKETING_VERSION = 1.0;
				PRODUCT_BUNDLE_IDENTIFIER = "wyh.Clipboard-History";
				PRODUCT_NAME = "$(TARGET_NAME)";
				SWIFT_EMIT_LOC_STRINGS = YES;
				SWIFT_VERSION = 5.0;
			};
			name = Release;
		};
		D9CBC22429E98BFD00D30A28 /* Debug */ = {
			isa = XCBuildConfiguration;
			buildSettings = {
				ALWAYS_EMBED_SWIFT_STANDARD_LIBRARIES = YES;
				BUNDLE_LOADER = "$(TEST_HOST)";
				CODE_SIGN_STYLE = Automatic;
				CURRENT_PROJECT_VERSION = 1;
				GENERATE_INFOPLIST_FILE = YES;
				MACOSX_DEPLOYMENT_TARGET = 13.3;
				MARKETING_VERSION = 1.0;
				PRODUCT_BUNDLE_IDENTIFIER = "wyh.Clipboard-HistoryTests";
				PRODUCT_NAME = "$(TARGET_NAME)";
				SWIFT_EMIT_LOC_STRINGS = NO;
				SWIFT_VERSION = 5.0;
				TEST_HOST = "$(BUILT_PRODUCTS_DIR)/Clipboard_History.app/$(BUNDLE_EXECUTABLE_FOLDER_PATH)/Clipboard_History";
			};
			name = Debug;
		};
		D9CBC22529E98BFD00D30A28 /* Release */ = {
			isa = XCBuildConfiguration;
			buildSettings = {
				ALWAYS_EMBED_SWIFT_STANDARD_LIBRARIES = YES;
				BUNDLE_LOADER = "$(TEST_HOST)";
				CODE_SIGN_STYLE = Automatic;
				CURRENT_PROJECT_VERSION = 1;
				GENERATE_INFOPLIST_FILE = YES;
				MACOSX_DEPLOYMENT_TARGET = 13.3;
				MARKETING_VERSION = 1.0;
				PRODUCT_BUNDLE_IDENTIFIER = "wyh.Clipboard-HistoryTests";
				PRODUCT_NAME = "$(TARGET_NAME)";
				SWIFT_EMIT_LOC_STRINGS = NO;
				SWIFT_VERSION = 5.0;
				TEST_HOST = "$(BUILT_PRODUCTS_DIR)/Clipboard_History.app/$(BUNDLE_EXECUTABLE_FOLDER_PATH)/Clipboard_History";
			};
			name = Release;
		};
		D9CBC22729E98BFD00D30A28 /* Debug */ = {
			isa = XCBuildConfiguration;
			buildSettings = {
				ALWAYS_EMBED_SWIFT_STANDARD_LIBRARIES = YES;
				CODE_SIGN_STYLE = Automatic;
				CURRENT_PROJECT_VERSION = 1;
				GENERATE_INFOPLIST_FILE = YES;
				MARKETING_VERSION = 1.0;
				PRODUCT_BUNDLE_IDENTIFIER = "wyh.Clipboard-HistoryUITests";
				PRODUCT_NAME = "$(TARGET_NAME)";
				SWIFT_EMIT_LOC_STRINGS = NO;
				SWIFT_VERSION = 5.0;
				TEST_TARGET_NAME = Clipboard_History;
			};
			name = Debug;
		};
		D9CBC22829E98BFD00D30A28 /* Release */ = {
			isa = XCBuildConfiguration;
			buildSettings = {
				ALWAYS_EMBED_SWIFT_STANDARD_LIBRARIES = YES;
				CODE_SIGN_STYLE = Automatic;
				CURRENT_PROJECT_VERSION = 1;
				GENERATE_INFOPLIST_FILE = YES;
				MARKETING_VERSION = 1.0;
				PRODUCT_BUNDLE_IDENTIFIER = "wyh.Clipboard-HistoryUITests";
				PRODUCT_NAME = "$(TARGET_NAME)";
				SWIFT_EMIT_LOC_STRINGS = NO;
				SWIFT_VERSION = 5.0;
				TEST_TARGET_NAME = Clipboard_History;
			};
			name = Release;
		};
/* End XCBuildConfiguration section */

/* Begin XCConfigurationList section */
		D9CBC1F629E98BFC00D30A28 /* Build configuration list for PBXProject "Clipboard_History" */ = {
			isa = XCConfigurationList;
			buildConfigurations = (
				D9CBC21E29E98BFD00D30A28 /* Debug */,
				D9CBC21F29E98BFD00D30A28 /* Release */,
			);
			defaultConfigurationIsVisible = 0;
			defaultConfigurationName = Release;
		};
		D9CBC22029E98BFD00D30A28 /* Build configuration list for PBXNativeTarget "Clipboard_History" */ = {
			isa = XCConfigurationList;
			buildConfigurations = (
				D9CBC22129E98BFD00D30A28 /* Debug */,
				D9CBC22229E98BFD00D30A28 /* Release */,
			);
			defaultConfigurationIsVisible = 0;
			defaultConfigurationName = Release;
		};
		D9CBC22329E98BFD00D30A28 /* Build configuration list for PBXNativeTarget "Clipboard_HistoryTests" */ = {
			isa = XCConfigurationList;
			buildConfigurations = (
				D9CBC22429E98BFD00D30A28 /* Debug */,
				D9CBC22529E98BFD00D30A28 /* Release */,
			);
			defaultConfigurationIsVisible = 0;
			defaultConfigurationName = Release;
		};
		D9CBC22629E98BFD00D30A28 /* Build configuration list for PBXNativeTarget "Clipboard_HistoryUITests" */ = {
			isa = XCConfigurationList;
			buildConfigurations = (
				D9CBC22729E98BFD00D30A28 /* Debug */,
				D9CBC22829E98BFD00D30A28 /* Release */,
			);
			defaultConfigurationIsVisible = 0;
			defaultConfigurationName = Release;
		};
/* End XCConfigurationList section */
	};
	rootObject = D9CBC1F329E98BFC00D30A28 /* Project object */;
}
